// !$*UTF8*$!
{
	archiveVersion = 1;
	classes = {
	};
	objectVersion = 50;
	objects = {

/* Begin PBXBuildFile section */
		DF388F8825DC0CD700A3C735 /* FruitNutritionView.swift in Sources */ = {isa = PBXBuildFile; fileRef = DF388F8725DC0CD700A3C735 /* FruitNutritionView.swift */; };
		DF75785525DB037B009F30AF /* FruitModel.swift in Sources */ = {isa = PBXBuildFile; fileRef = DF75785425DB037B009F30AF /* FruitModel.swift */; };
		DF75785A25DB044F009F30AF /* FruitsData.swift in Sources */ = {isa = PBXBuildFile; fileRef = DF75785925DB044F009F30AF /* FruitsData.swift */; };
		DF75785E25DB16BF009F30AF /* FruitListView.swift in Sources */ = {isa = PBXBuildFile; fileRef = DF75785D25DB16BF009F30AF /* FruitListView.swift */; };
		DF75786125DB16CE009F30AF /* FruitRowView.swift in Sources */ = {isa = PBXBuildFile; fileRef = DF75786025DB16CE009F30AF /* FruitRowView.swift */; };
		DF75786425DB2332009F30AF /* FruitDetailView.swift in Sources */ = {isa = PBXBuildFile; fileRef = DF75786325DB2332009F30AF /* FruitDetailView.swift */; };
		DF75786C25DB292C009F30AF /* FruitHeaderView.swift in Sources */ = {isa = PBXBuildFile; fileRef = DF75786B25DB292C009F30AF /* FruitHeaderView.swift */; };
		DF75786F25DB2DAE009F30AF /* SourceLinkView.swift in Sources */ = {isa = PBXBuildFile; fileRef = DF75786E25DB2DAE009F30AF /* SourceLinkView.swift */; };
		DFAA8A9925DAD498006BF98A /* FructoseApp.swift in Sources */ = {isa = PBXBuildFile; fileRef = DFAA8A9825DAD498006BF98A /* FructoseApp.swift */; };
		DFAA8A9D25DAD49A006BF98A /* Assets.xcassets in Resources */ = {isa = PBXBuildFile; fileRef = DFAA8A9C25DAD49A006BF98A /* Assets.xcassets */; };
		DFAA8AA025DAD49A006BF98A /* Preview Assets.xcassets in Resources */ = {isa = PBXBuildFile; fileRef = DFAA8A9F25DAD49A006BF98A /* Preview Assets.xcassets */; };
		DFAA8AB325DAEC82006BF98A /* FruitCardView.swift in Sources */ = {isa = PBXBuildFile; fileRef = DFAA8AB225DAEC82006BF98A /* FruitCardView.swift */; };
		DFAA8AB625DAF79A006BF98A /* StartButtonView.swift in Sources */ = {isa = PBXBuildFile; fileRef = DFAA8AB525DAF79A006BF98A /* StartButtonView.swift */; };
		DFAA8AB925DAFB25006BF98A /* OnboardingView.swift in Sources */ = {isa = PBXBuildFile; fileRef = DFAA8AB825DAFB25006BF98A /* OnboardingView.swift */; };
/* End PBXBuildFile section */

/* Begin PBXFileReference section */
		DF388F8725DC0CD700A3C735 /* FruitNutritionView.swift */ = {isa = PBXFileReference; lastKnownFileType = sourcecode.swift; path = FruitNutritionView.swift; sourceTree = "<group>"; };
		DF75785425DB037B009F30AF /* FruitModel.swift */ = {isa = PBXFileReference; lastKnownFileType = sourcecode.swift; path = FruitModel.swift; sourceTree = "<group>"; };
		DF75785925DB044F009F30AF /* FruitsData.swift */ = {isa = PBXFileReference; lastKnownFileType = sourcecode.swift; path = FruitsData.swift; sourceTree = "<group>"; };
		DF75785D25DB16BF009F30AF /* FruitListView.swift */ = {isa = PBXFileReference; lastKnownFileType = sourcecode.swift; path = FruitListView.swift; sourceTree = "<group>"; };
		DF75786025DB16CE009F30AF /* FruitRowView.swift */ = {isa = PBXFileReference; lastKnownFileType = sourcecode.swift; path = FruitRowView.swift; sourceTree = "<group>"; };
		DF75786325DB2332009F30AF /* FruitDetailView.swift */ = {isa = PBXFileReference; lastKnownFileType = sourcecode.swift; path = FruitDetailView.swift; sourceTree = "<group>"; };
		DF75786B25DB292C009F30AF /* FruitHeaderView.swift */ = {isa = PBXFileReference; lastKnownFileType = sourcecode.swift; path = FruitHeaderView.swift; sourceTree = "<group>"; };
		DF75786E25DB2DAE009F30AF /* SourceLinkView.swift */ = {isa = PBXFileReference; lastKnownFileType = sourcecode.swift; path = SourceLinkView.swift; sourceTree = "<group>"; };
		DFAA8A9525DAD498006BF98A /* Fructose.app */ = {isa = PBXFileReference; explicitFileType = wrapper.application; includeInIndex = 0; path = Fructose.app; sourceTree = BUILT_PRODUCTS_DIR; };
		DFAA8A9825DAD498006BF98A /* FructoseApp.swift */ = {isa = PBXFileReference; lastKnownFileType = sourcecode.swift; path = FructoseApp.swift; sourceTree = "<group>"; };
		DFAA8A9C25DAD49A006BF98A /* Assets.xcassets */ = {isa = PBXFileReference; lastKnownFileType = folder.assetcatalog; path = Assets.xcassets; sourceTree = "<group>"; };
		DFAA8A9F25DAD49A006BF98A /* Preview Assets.xcassets */ = {isa = PBXFileReference; lastKnownFileType = folder.assetcatalog; path = "Preview Assets.xcassets"; sourceTree = "<group>"; };
		DFAA8AA125DAD49A006BF98A /* Info.plist */ = {isa = PBXFileReference; lastKnownFileType = text.plist.xml; path = Info.plist; sourceTree = "<group>"; };
		DFAA8AB225DAEC82006BF98A /* FruitCardView.swift */ = {isa = PBXFileReference; lastKnownFileType = sourcecode.swift; path = FruitCardView.swift; sourceTree = "<group>"; };
		DFAA8AB525DAF79A006BF98A /* StartButtonView.swift */ = {isa = PBXFileReference; lastKnownFileType = sourcecode.swift; path = StartButtonView.swift; sourceTree = "<group>"; };
		DFAA8AB825DAFB25006BF98A /* OnboardingView.swift */ = {isa = PBXFileReference; lastKnownFileType = sourcecode.swift; path = OnboardingView.swift; sourceTree = "<group>"; };
/* End PBXFileReference section */

/* Begin PBXFrameworksBuildPhase section */
		DFAA8A9225DAD498006BF98A /* Frameworks */ = {
			isa = PBXFrameworksBuildPhase;
			buildActionMask = 2147483647;
			files = (
			);
			runOnlyForDeploymentPostprocessing = 0;
		};
/* End PBXFrameworksBuildPhase section */

/* Begin PBXGroup section */
		DF75785325DB0362009F30AF /* Model */ = {
			isa = PBXGroup;
			children = (
				DF75785425DB037B009F30AF /* FruitModel.swift */,
			);
			path = Model;
			sourceTree = "<group>";
		};
		DF75785825DB042D009F30AF /* Data */ = {
			isa = PBXGroup;
			children = (
				DF75785925DB044F009F30AF /* FruitsData.swift */,
			);
			path = Data;
			sourceTree = "<group>";
		};
		DFAA8A8C25DAD498006BF98A = {
			isa = PBXGroup;
			children = (
				DFAA8A9725DAD498006BF98A /* Fructose */,
				DFAA8A9625DAD498006BF98A /* Products */,
			);
			sourceTree = "<group>";
		};
		DFAA8A9625DAD498006BF98A /* Products */ = {
			isa = PBXGroup;
			children = (
				DFAA8A9525DAD498006BF98A /* Fructose.app */,
			);
			name = Products;
			sourceTree = "<group>";
		};
		DFAA8A9725DAD498006BF98A /* Fructose */ = {
			isa = PBXGroup;
			children = (
				DF75785825DB042D009F30AF /* Data */,
				DF75785325DB0362009F30AF /* Model */,
				DFAA8AAC25DAEC65006BF98A /* View */,
				DFAA8AA925DAEC56006BF98A /* App */,
				DFAA8A9C25DAD49A006BF98A /* Assets.xcassets */,
				DFAA8AA125DAD49A006BF98A /* Info.plist */,
				DFAA8A9E25DAD49A006BF98A /* Preview Content */,
			);
			path = Fructose;
			sourceTree = "<group>";
		};
		DFAA8A9E25DAD49A006BF98A /* Preview Content */ = {
			isa = PBXGroup;
			children = (
				DFAA8A9F25DAD49A006BF98A /* Preview Assets.xcassets */,
			);
			path = "Preview Content";
			sourceTree = "<group>";
		};
		DFAA8AA925DAEC56006BF98A /* App */ = {
			isa = PBXGroup;
			children = (
				DFAA8A9825DAD498006BF98A /* FructoseApp.swift */,
				DF75785D25DB16BF009F30AF /* FruitListView.swift */,
				DFAA8AB825DAFB25006BF98A /* OnboardingView.swift */,
				DF75786325DB2332009F30AF /* FruitDetailView.swift */,
			);
			path = App;
			sourceTree = "<group>";
		};
		DFAA8AAC25DAEC65006BF98A /* View */ = {
			isa = PBXGroup;
			children = (
				DFAA8AB225DAEC82006BF98A /* FruitCardView.swift */,
				DFAA8AB525DAF79A006BF98A /* StartButtonView.swift */,
				DF75786025DB16CE009F30AF /* FruitRowView.swift */,
				DF75786B25DB292C009F30AF /* FruitHeaderView.swift */,
				DF75786E25DB2DAE009F30AF /* SourceLinkView.swift */,
				DF388F8725DC0CD700A3C735 /* FruitNutritionView.swift */,
			);
			path = View;
			sourceTree = "<group>";
		};
/* End PBXGroup section */

/* Begin PBXNativeTarget section */
		DFAA8A9425DAD498006BF98A /* Fructose */ = {
			isa = PBXNativeTarget;
			buildConfigurationList = DFAA8AA425DAD49A006BF98A /* Build configuration list for PBXNativeTarget "Fructose" */;
			buildPhases = (
				DFAA8A9125DAD498006BF98A /* Sources */,
				DFAA8A9225DAD498006BF98A /* Frameworks */,
				DFAA8A9325DAD498006BF98A /* Resources */,
			);
			buildRules = (
			);
			dependencies = (
			);
			name = Fructose;
			productName = Fructose;
			productReference = DFAA8A9525DAD498006BF98A /* Fructose.app */;
			productType = "com.apple.product-type.application";
		};
/* End PBXNativeTarget section */

/* Begin PBXProject section */
		DFAA8A8D25DAD498006BF98A /* Project object */ = {
			isa = PBXProject;
			attributes = {
				LastSwiftUpdateCheck = 1240;
				LastUpgradeCheck = 1240;
				TargetAttributes = {
					DFAA8A9425DAD498006BF98A = {
						CreatedOnToolsVersion = 12.4;
					};
				};
			};
			buildConfigurationList = DFAA8A9025DAD498006BF98A /* Build configuration list for PBXProject "Fructose" */;
			compatibilityVersion = "Xcode 9.3";
			developmentRegion = en;
			hasScannedForEncodings = 0;
			knownRegions = (
				en,
				Base,
			);
			mainGroup = DFAA8A8C25DAD498006BF98A;
			productRefGroup = DFAA8A9625DAD498006BF98A /* Products */;
			projectDirPath = "";
			projectRoot = "";
			targets = (
				DFAA8A9425DAD498006BF98A /* Fructose */,
			);
		};
/* End PBXProject section */

/* Begin PBXResourcesBuildPhase section */
		DFAA8A9325DAD498006BF98A /* Resources */ = {
			isa = PBXResourcesBuildPhase;
			buildActionMask = 2147483647;
			files = (
				DFAA8AA025DAD49A006BF98A /* Preview Assets.xcassets in Resources */,
				DFAA8A9D25DAD49A006BF98A /* Assets.xcassets in Resources */,
			);
			runOnlyForDeploymentPostprocessing = 0;
		};
/* End PBXResourcesBuildPhase section */

/* Begin PBXSourcesBuildPhase section */
		DFAA8A9125DAD498006BF98A /* Sources */ = {
			isa = PBXSourcesBuildPhase;
			buildActionMask = 2147483647;
			files = (
				DF388F8825DC0CD700A3C735 /* FruitNutritionView.swift in Sources */,
				DF75785E25DB16BF009F30AF /* FruitListView.swift in Sources */,
				DF75786F25DB2DAE009F30AF /* SourceLinkView.swift in Sources */,
				DFAA8AB325DAEC82006BF98A /* FruitCardView.swift in Sources */,
				DF75786125DB16CE009F30AF /* FruitRowView.swift in Sources */,
				DFAA8AB625DAF79A006BF98A /* StartButtonView.swift in Sources */,
				DF75786425DB2332009F30AF /* FruitDetailView.swift in Sources */,
				DF75785A25DB044F009F30AF /* FruitsData.swift in Sources */,
				DF75786C25DB292C009F30AF /* FruitHeaderView.swift in Sources */,
				DF75785525DB037B009F30AF /* FruitModel.swift in Sources */,
				DFAA8AB925DAFB25006BF98A /* OnboardingView.swift in Sources */,
				DFAA8A9925DAD498006BF98A /* FructoseApp.swift in Sources */,
			);
			runOnlyForDeploymentPostprocessing = 0;
		};
/* End PBXSourcesBuildPhase section */

/* Begin XCBuildConfiguration section */
		DFAA8AA225DAD49A006BF98A /* Debug */ = {
			isa = XCBuildConfiguration;
			buildSettings = {
				ALWAYS_SEARCH_USER_PATHS = NO;
				CLANG_ANALYZER_NONNULL = YES;
				CLANG_ANALYZER_NUMBER_OBJECT_CONVERSION = YES_AGGRESSIVE;
				CLANG_CXX_LANGUAGE_STANDARD = "gnu++14";
				CLANG_CXX_LIBRARY = "libc++";
				CLANG_ENABLE_MODULES = YES;
				CLANG_ENABLE_OBJC_ARC = YES;
				CLANG_ENABLE_OBJC_WEAK = YES;
				CLANG_WARN_BLOCK_CAPTURE_AUTORELEASING = YES;
				CLANG_WARN_BOOL_CONVERSION = YES;
				CLANG_WARN_COMMA = YES;
				CLANG_WARN_CONSTANT_CONVERSION = YES;
				CLANG_WARN_DEPRECATED_OBJC_IMPLEMENTATIONS = YES;
				CLANG_WARN_DIRECT_OBJC_ISA_USAGE = YES_ERROR;
				CLANG_WARN_DOCUMENTATION_COMMENTS = YES;
				CLANG_WARN_EMPTY_BODY = YES;
				CLANG_WARN_ENUM_CONVERSION = YES;
				CLANG_WARN_INFINITE_RECURSION = YES;
				CLANG_WARN_INT_CONVERSION = YES;
				CLANG_WARN_NON_LITERAL_NULL_CONVERSION = YES;
				CLANG_WARN_OBJC_IMPLICIT_RETAIN_SELF = YES;
				CLANG_WARN_OBJC_LITERAL_CONVERSION = YES;
				CLANG_WARN_OBJC_ROOT_CLASS = YES_ERROR;
				CLANG_WARN_QUOTED_INCLUDE_IN_FRAMEWORK_HEADER = YES;
				CLANG_WARN_RANGE_LOOP_ANALYSIS = YES;
				CLANG_WARN_STRICT_PROTOTYPES = YES;
				CLANG_WARN_SUSPICIOUS_MOVE = YES;
				CLANG_WARN_UNGUARDED_AVAILABILITY = YES_AGGRESSIVE;
				CLANG_WARN_UNREACHABLE_CODE = YES;
				CLANG_WARN__DUPLICATE_METHOD_MATCH = YES;
				COPY_PHASE_STRIP = NO;
				DEBUG_INFORMATION_FORMAT = dwarf;
				ENABLE_STRICT_OBJC_MSGSEND = YES;
				ENABLE_TESTABILITY = YES;
				GCC_C_LANGUAGE_STANDARD = gnu11;
				GCC_DYNAMIC_NO_PIC = NO;
				GCC_NO_COMMON_BLOCKS = YES;
				GCC_OPTIMIZATION_LEVEL = 0;
				GCC_PREPROCESSOR_DEFINITIONS = (
					"DEBUG=1",
					"$(inherited)",
				);
				GCC_WARN_64_TO_32_BIT_CONVERSION = YES;
				GCC_WARN_ABOUT_RETURN_TYPE = YES_ERROR;
				GCC_WARN_UNDECLARED_SELECTOR = YES;
				GCC_WARN_UNINITIALIZED_AUTOS = YES_AGGRESSIVE;
				GCC_WARN_UNUSED_FUNCTION = YES;
				GCC_WARN_UNUSED_VARIABLE = YES;
				IPHONEOS_DEPLOYMENT_TARGET = 14.4;
				MTL_ENABLE_DEBUG_INFO = INCLUDE_SOURCE;
				MTL_FAST_MATH = YES;
				ONLY_ACTIVE_ARCH = YES;
				SDKROOT = iphoneos;
				SWIFT_ACTIVE_COMPILATION_CONDITIONS = DEBUG;
				SWIFT_OPTIMIZATION_LEVEL = "-Onone";
			};
			name = Debug;
		};
		DFAA8AA325DAD49A006BF98A /* Release */ = {
			isa = XCBuildConfiguration;
			buildSettings = {
				ALWAYS_SEARCH_USER_PATHS = NO;
				CLANG_ANALYZER_NONNULL = YES;
				CLANG_ANALYZER_NUMBER_OBJECT_CONVERSION = YES_AGGRESSIVE;
				CLANG_CXX_LANGUAGE_STANDARD = "gnu++14";
				CLANG_CXX_LIBRARY = "libc++";
				CLANG_ENABLE_MODULES = YES;
				CLANG_ENABLE_OBJC_ARC = YES;
				CLANG_ENABLE_OBJC_WEAK = YES;
				CLANG_WARN_BLOCK_CAPTURE_AUTORELEASING = YES;
				CLANG_WARN_BOOL_CONVERSION = YES;
				CLANG_WARN_COMMA = YES;
				CLANG_WARN_CONSTANT_CONVERSION = YES;
				CLANG_WARN_DEPRECATED_OBJC_IMPLEMENTATIONS = YES;
				CLANG_WARN_DIRECT_OBJC_ISA_USAGE = YES_ERROR;
				CLANG_WARN_DOCUMENTATION_COMMENTS = YES;
				CLANG_WARN_EMPTY_BODY = YES;
				CLANG_WARN_ENUM_CONVERSION = YES;
				CLANG_WARN_INFINITE_RECURSION = YES;
				CLANG_WARN_INT_CONVERSION = YES;
				CLANG_WARN_NON_LITERAL_NULL_CONVERSION = YES;
				CLANG_WARN_OBJC_IMPLICIT_RETAIN_SELF = YES;
				CLANG_WARN_OBJC_LITERAL_CONVERSION = YES;
				CLANG_WARN_OBJC_ROOT_CLASS = YES_ERROR;
				CLANG_WARN_QUOTED_INCLUDE_IN_FRAMEWORK_HEADER = YES;
				CLANG_WARN_RANGE_LOOP_ANALYSIS = YES;
				CLANG_WARN_STRICT_PROTOTYPES = YES;
				CLANG_WARN_SUSPICIOUS_MOVE = YES;
				CLANG_WARN_UNGUARDED_AVAILABILITY = YES_AGGRESSIVE;
				CLANG_WARN_UNREACHABLE_CODE = YES;
				CLANG_WARN__DUPLICATE_METHOD_MATCH = YES;
				COPY_PHASE_STRIP = NO;
				DEBUG_INFORMATION_FORMAT = "dwarf-with-dsym";
				ENABLE_NS_ASSERTIONS = NO;
				ENABLE_STRICT_OBJC_MSGSEND = YES;
				GCC_C_LANGUAGE_STANDARD = gnu11;
				GCC_NO_COMMON_BLOCKS = YES;
				GCC_WARN_64_TO_32_BIT_CONVERSION = YES;
				GCC_WARN_ABOUT_RETURN_TYPE = YES_ERROR;
				GCC_WARN_UNDECLARED_SELECTOR = YES;
				GCC_WARN_UNINITIALIZED_AUTOS = YES_AGGRESSIVE;
				GCC_WARN_UNUSED_FUNCTION = YES;
				GCC_WARN_UNUSED_VARIABLE = YES;
				IPHONEOS_DEPLOYMENT_TARGET = 14.4;
				MTL_ENABLE_DEBUG_INFO = NO;
				MTL_FAST_MATH = YES;
				SDKROOT = iphoneos;
				SWIFT_COMPILATION_MODE = wholemodule;
				SWIFT_OPTIMIZATION_LEVEL = "-O";
				VALIDATE_PRODUCT = YES;
			};
			name = Release;
		};
		DFAA8AA525DAD49A006BF98A /* Debug */ = {
			isa = XCBuildConfiguration;
			buildSettings = {
				ASSETCATALOG_COMPILER_APPICON_NAME = AppIcon;
				ASSETCATALOG_COMPILER_GLOBAL_ACCENT_COLOR_NAME = AccentColor;
				CODE_SIGN_STYLE = Automatic;
				DEVELOPMENT_ASSET_PATHS = "\"Fructose/Preview Content\"";
				DEVELOPMENT_TEAM = LMVB5ARR8X;
				ENABLE_PREVIEWS = YES;
				INFOPLIST_FILE = Fructose/Info.plist;
				IPHONEOS_DEPLOYMENT_TARGET = 14.0;
				LD_RUNPATH_SEARCH_PATHS = (
					"$(inherited)",
					"@executable_path/Frameworks",
				);
				PRODUCT_BUNDLE_IDENTIFIER = com.who.is.ready.for.the.yoga.Fructose;
				PRODUCT_NAME = "$(TARGET_NAME)";
				SWIFT_VERSION = 5.0;
				TARGETED_DEVICE_FAMILY = "1,2";
			};
			name = Debug;
		};
		DFAA8AA625DAD49A006BF98A /* Release */ = {
			isa = XCBuildConfiguration;
			buildSettings = {
				ASSETCATALOG_COMPILER_APPICON_NAME = AppIcon;
				ASSETCATALOG_COMPILER_GLOBAL_ACCENT_COLOR_NAME = AccentColor;
				CODE_SIGN_STYLE = Automatic;
				DEVELOPMENT_ASSET_PATHS = "\"Fructose/Preview Content\"";
				DEVELOPMENT_TEAM = LMVB5ARR8X;
				ENABLE_PREVIEWS = YES;
				INFOPLIST_FILE = Fructose/Info.plist;
				IPHONEOS_DEPLOYMENT_TARGET = 14.0;
				LD_RUNPATH_SEARCH_PATHS = (
					"$(inherited)",
					"@executable_path/Frameworks",
				);
				PRODUCT_BUNDLE_IDENTIFIER = com.who.is.ready.for.the.yoga.Fructose;
				PRODUCT_NAME = "$(TARGET_NAME)";
				SWIFT_VERSION = 5.0;
				TARGETED_DEVICE_FAMILY = "1,2";
			};
			name = Release;
		};
/* End XCBuildConfiguration section */

/* Begin XCConfigurationList section */
		DFAA8A9025DAD498006BF98A /* Build configuration list for PBXProject "Fructose" */ = {
			isa = XCConfigurationList;
			buildConfigurations = (
				DFAA8AA225DAD49A006BF98A /* Debug */,
				DFAA8AA325DAD49A006BF98A /* Release */,
			);
			defaultConfigurationIsVisible = 0;
			defaultConfigurationName = Release;
		};
		DFAA8AA425DAD49A006BF98A /* Build configuration list for PBXNativeTarget "Fructose" */ = {
			isa = XCConfigurationList;
			buildConfigurations = (
				DFAA8AA525DAD49A006BF98A /* Debug */,
				DFAA8AA625DAD49A006BF98A /* Release */,
			);
			defaultConfigurationIsVisible = 0;
			defaultConfigurationName = Release;
		};
/* End XCConfigurationList section */
	};
	rootObject = DFAA8A8D25DAD498006BF98A /* Project object */;
}
