// !$*UTF8*$!
{
	archiveVersion = 1;
	classes = {
	};
	objectVersion = 50;
	objects = {

/* Begin PBXBuildFile section */
		DF0995F325F43444001D6A11 /* AvocadosApp.swift in Sources */ = {isa = PBXBuildFile; fileRef = DF0995F225F43444001D6A11 /* AvocadosApp.swift */; };
		DF0995F525F43444001D6A11 /* AppView.swift in Sources */ = {isa = PBXBuildFile; fileRef = DF0995F425F43444001D6A11 /* AppView.swift */; };
		DF0995F725F43447001D6A11 /* Assets.xcassets in Resources */ = {isa = PBXBuildFile; fileRef = DF0995F625F43447001D6A11 /* Assets.xcassets */; };
		DF0995FA25F43447001D6A11 /* Preview Assets.xcassets in Resources */ = {isa = PBXBuildFile; fileRef = DF0995F925F43447001D6A11 /* Preview Assets.xcassets */; };
		DFE2F92325F4400D001C1B2A /* AvocadosView.swift in Sources */ = {isa = PBXBuildFile; fileRef = DFE2F92225F4400D001C1B2A /* AvocadosView.swift */; };
		DFE2F92625F44021001C1B2A /* RecipesView.swift in Sources */ = {isa = PBXBuildFile; fileRef = DFE2F92525F44021001C1B2A /* RecipesView.swift */; };
		DFE2F92925F44063001C1B2A /* RipeningStageView.swift in Sources */ = {isa = PBXBuildFile; fileRef = DFE2F92825F44063001C1B2A /* RipeningStageView.swift */; };
		DFE2F92E25F44089001C1B2A /* SettingsView.swift in Sources */ = {isa = PBXBuildFile; fileRef = DFE2F92D25F44089001C1B2A /* SettingsView.swift */; };
/* End PBXBuildFile section */

/* Begin PBXFileReference section */
		DF0995EF25F43444001D6A11 /* Avocados.app */ = {isa = PBXFileReference; explicitFileType = wrapper.application; includeInIndex = 0; path = Avocados.app; sourceTree = BUILT_PRODUCTS_DIR; };
		DF0995F225F43444001D6A11 /* AvocadosApp.swift */ = {isa = PBXFileReference; lastKnownFileType = sourcecode.swift; path = AvocadosApp.swift; sourceTree = "<group>"; };
		DF0995F425F43444001D6A11 /* AppView.swift */ = {isa = PBXFileReference; lastKnownFileType = sourcecode.swift; path = AppView.swift; sourceTree = "<group>"; };
		DF0995F625F43447001D6A11 /* Assets.xcassets */ = {isa = PBXFileReference; lastKnownFileType = folder.assetcatalog; path = Assets.xcassets; sourceTree = "<group>"; };
		DF0995F925F43447001D6A11 /* Preview Assets.xcassets */ = {isa = PBXFileReference; lastKnownFileType = folder.assetcatalog; path = "Preview Assets.xcassets"; sourceTree = "<group>"; };
		DF0995FB25F43447001D6A11 /* Info.plist */ = {isa = PBXFileReference; lastKnownFileType = text.plist.xml; path = Info.plist; sourceTree = "<group>"; };
		DFE2F92225F4400D001C1B2A /* AvocadosView.swift */ = {isa = PBXFileReference; lastKnownFileType = sourcecode.swift; path = AvocadosView.swift; sourceTree = "<group>"; };
		DFE2F92525F44021001C1B2A /* RecipesView.swift */ = {isa = PBXFileReference; lastKnownFileType = sourcecode.swift; path = RecipesView.swift; sourceTree = "<group>"; };
		DFE2F92825F44063001C1B2A /* RipeningStageView.swift */ = {isa = PBXFileReference; lastKnownFileType = sourcecode.swift; path = RipeningStageView.swift; sourceTree = "<group>"; };
		DFE2F92D25F44089001C1B2A /* SettingsView.swift */ = {isa = PBXFileReference; lastKnownFileType = sourcecode.swift; path = SettingsView.swift; sourceTree = "<group>"; };
/* End PBXFileReference section */

/* Begin PBXFrameworksBuildPhase section */
		DF0995EC25F43444001D6A11 /* Frameworks */ = {
			isa = PBXFrameworksBuildPhase;
			buildActionMask = 2147483647;
			files = (
			);
			runOnlyForDeploymentPostprocessing = 0;
		};
/* End PBXFrameworksBuildPhase section */

/* Begin PBXGroup section */
		DF0995E625F43444001D6A11 = {
			isa = PBXGroup;
			children = (
				DF0995F125F43444001D6A11 /* Avocados */,
				DF0995F025F43444001D6A11 /* Products */,
			);
			sourceTree = "<group>";
		};
		DF0995F025F43444001D6A11 /* Products */ = {
			isa = PBXGroup;
			children = (
				DF0995EF25F43444001D6A11 /* Avocados.app */,
			);
			name = Products;
			sourceTree = "<group>";
		};
		DF0995F125F43444001D6A11 /* Avocados */ = {
			isa = PBXGroup;
			children = (
				DF0995FB25F43447001D6A11 /* Info.plist */,
				DF0995F825F43447001D6A11 /* Preview Content */,
				DFE2F91C25F43EEA001C1B2A /* Resource */,
				DFE2F91A25F43ED2001C1B2A /* Source */,
			);
			path = Avocados;
			sourceTree = "<group>";
		};
		DF0995F825F43447001D6A11 /* Preview Content */ = {
			isa = PBXGroup;
			children = (
				DF0995F925F43447001D6A11 /* Preview Assets.xcassets */,
			);
			path = "Preview Content";
			sourceTree = "<group>";
		};
		DFE2F91A25F43ED2001C1B2A /* Source */ = {
			isa = PBXGroup;
			children = (
				DF0995F225F43444001D6A11 /* AvocadosApp.swift */,
				DF0995F425F43444001D6A11 /* AppView.swift */,
				DFE2F91D25F43F05001C1B2A /* Avocados */,
				DFE2F91E25F43F34001C1B2A /* Recipes */,
				DFE2F91F25F43F4D001C1B2A /* RipeningStage */,
				DFE2F92025F43F55001C1B2A /* Settings */,
			);
			path = Source;
			sourceTree = "<group>";
		};
		DFE2F91C25F43EEA001C1B2A /* Resource */ = {
			isa = PBXGroup;
			children = (
				DF0995F625F43447001D6A11 /* Assets.xcassets */,
			);
			path = Resource;
			sourceTree = "<group>";
		};
		DFE2F91D25F43F05001C1B2A /* Avocados */ = {
			isa = PBXGroup;
			children = (
				DFE2F92225F4400D001C1B2A /* AvocadosView.swift */,
			);
			path = Avocados;
			sourceTree = "<group>";
		};
		DFE2F91E25F43F34001C1B2A /* Recipes */ = {
			isa = PBXGroup;
			children = (
				DFE2F92525F44021001C1B2A /* RecipesView.swift */,
			);
			path = Recipes;
			sourceTree = "<group>";
		};
		DFE2F91F25F43F4D001C1B2A /* RipeningStage */ = {
			isa = PBXGroup;
			children = (
				DFE2F92825F44063001C1B2A /* RipeningStageView.swift */,
			);
			path = RipeningStage;
			sourceTree = "<group>";
		};
		DFE2F92025F43F55001C1B2A /* Settings */ = {
			isa = PBXGroup;
			children = (
				DFE2F92D25F44089001C1B2A /* SettingsView.swift */,
			);
			path = Settings;
			sourceTree = "<group>";
		};
/* End PBXGroup section */

/* Begin PBXNativeTarget section */
		DF0995EE25F43444001D6A11 /* Avocados */ = {
			isa = PBXNativeTarget;
			buildConfigurationList = DF0995FE25F43447001D6A11 /* Build configuration list for PBXNativeTarget "Avocados" */;
			buildPhases = (
				DF0995EB25F43444001D6A11 /* Sources */,
				DF0995EC25F43444001D6A11 /* Frameworks */,
				DF0995ED25F43444001D6A11 /* Resources */,
			);
			buildRules = (
			);
			dependencies = (
			);
			name = Avocados;
			productName = Avocados;
			productReference = DF0995EF25F43444001D6A11 /* Avocados.app */;
			productType = "com.apple.product-type.application";
		};
/* End PBXNativeTarget section */

/* Begin PBXProject section */
		DF0995E725F43444001D6A11 /* Project object */ = {
			isa = PBXProject;
			attributes = {
				LastSwiftUpdateCheck = 1230;
				LastUpgradeCheck = 1230;
				TargetAttributes = {
					DF0995EE25F43444001D6A11 = {
						CreatedOnToolsVersion = 12.3;
					};
				};
			};
			buildConfigurationList = DF0995EA25F43444001D6A11 /* Build configuration list for PBXProject "Avocados" */;
			compatibilityVersion = "Xcode 9.3";
			developmentRegion = en;
			hasScannedForEncodings = 0;
			knownRegions = (
				en,
				Base,
			);
			mainGroup = DF0995E625F43444001D6A11;
			productRefGroup = DF0995F025F43444001D6A11 /* Products */;
			projectDirPath = "";
			projectRoot = "";
			targets = (
				DF0995EE25F43444001D6A11 /* Avocados */,
			);
		};
/* End PBXProject section */

/* Begin PBXResourcesBuildPhase section */
		DF0995ED25F43444001D6A11 /* Resources */ = {
			isa = PBXResourcesBuildPhase;
			buildActionMask = 2147483647;
			files = (
				DF0995FA25F43447001D6A11 /* Preview Assets.xcassets in Resources */,
				DF0995F725F43447001D6A11 /* Assets.xcassets in Resources */,
			);
			runOnlyForDeploymentPostprocessing = 0;
		};
/* End PBXResourcesBuildPhase section */

/* Begin PBXSourcesBuildPhase section */
		DF0995EB25F43444001D6A11 /* Sources */ = {
			isa = PBXSourcesBuildPhase;
			buildActionMask = 2147483647;
			files = (
				DF0995F525F43444001D6A11 /* AppView.swift in Sources */,
				DF0995F325F43444001D6A11 /* AvocadosApp.swift in Sources */,
				DFE2F92625F44021001C1B2A /* RecipesView.swift in Sources */,
				DFE2F92E25F44089001C1B2A /* SettingsView.swift in Sources */,
				DFE2F92325F4400D001C1B2A /* AvocadosView.swift in Sources */,
				DFE2F92925F44063001C1B2A /* RipeningStageView.swift in Sources */,
			);
			runOnlyForDeploymentPostprocessing = 0;
		};
/* End PBXSourcesBuildPhase section */

/* Begin XCBuildConfiguration section */
		DF0995FC25F43447001D6A11 /* Debug */ = {
			isa = XCBuildConfiguration;
			buildSettings = {
				ALWAYS_SEARCH_USER_PATHS = NO;
				CLANG_ANALYZER_NONNULL = YES;
				CLANG_ANALYZER_NUMBER_OBJECT_CONVERSION = YES_AGGRESSIVE;
				CLANG_CXX_LANGUAGE_STANDARD = "gnu++14";
				CLANG_CXX_LIBRARY = "libc++";
				CLANG_ENABLE_MODULES = YES;
				CLANG_ENABLE_OBJC_ARC = YES;
				CLANG_ENABLE_OBJC_WEAK = YES;
				CLANG_WARN_BLOCK_CAPTURE_AUTORELEASING = YES;
				CLANG_WARN_BOOL_CONVERSION = YES;
				CLANG_WARN_COMMA = YES;
				CLANG_WARN_CONSTANT_CONVERSION = YES;
				CLANG_WARN_DEPRECATED_OBJC_IMPLEMENTATIONS = YES;
				CLANG_WARN_DIRECT_OBJC_ISA_USAGE = YES_ERROR;
				CLANG_WARN_DOCUMENTATION_COMMENTS = YES;
				CLANG_WARN_EMPTY_BODY = YES;
				CLANG_WARN_ENUM_CONVERSION = YES;
				CLANG_WARN_INFINITE_RECURSION = YES;
				CLANG_WARN_INT_CONVERSION = YES;
				CLANG_WARN_NON_LITERAL_NULL_CONVERSION = YES;
				CLANG_WARN_OBJC_IMPLICIT_RETAIN_SELF = YES;
				CLANG_WARN_OBJC_LITERAL_CONVERSION = YES;
				CLANG_WARN_OBJC_ROOT_CLASS = YES_ERROR;
				CLANG_WARN_QUOTED_INCLUDE_IN_FRAMEWORK_HEADER = YES;
				CLANG_WARN_RANGE_LOOP_ANALYSIS = YES;
				CLANG_WARN_STRICT_PROTOTYPES = YES;
				CLANG_WARN_SUSPICIOUS_MOVE = YES;
				CLANG_WARN_UNGUARDED_AVAILABILITY = YES_AGGRESSIVE;
				CLANG_WARN_UNREACHABLE_CODE = YES;
				CLANG_WARN__DUPLICATE_METHOD_MATCH = YES;
				COPY_PHASE_STRIP = NO;
				DEBUG_INFORMATION_FORMAT = dwarf;
				ENABLE_STRICT_OBJC_MSGSEND = YES;
				ENABLE_TESTABILITY = YES;
				GCC_C_LANGUAGE_STANDARD = gnu11;
				GCC_DYNAMIC_NO_PIC = NO;
				GCC_NO_COMMON_BLOCKS = YES;
				GCC_OPTIMIZATION_LEVEL = 0;
				GCC_PREPROCESSOR_DEFINITIONS = (
					"DEBUG=1",
					"$(inherited)",
				);
				GCC_WARN_64_TO_32_BIT_CONVERSION = YES;
				GCC_WARN_ABOUT_RETURN_TYPE = YES_ERROR;
				GCC_WARN_UNDECLARED_SELECTOR = YES;
				GCC_WARN_UNINITIALIZED_AUTOS = YES_AGGRESSIVE;
				GCC_WARN_UNUSED_FUNCTION = YES;
				GCC_WARN_UNUSED_VARIABLE = YES;
				IPHONEOS_DEPLOYMENT_TARGET = 14.3;
				MTL_ENABLE_DEBUG_INFO = INCLUDE_SOURCE;
				MTL_FAST_MATH = YES;
				ONLY_ACTIVE_ARCH = YES;
				SDKROOT = iphoneos;
				SWIFT_ACTIVE_COMPILATION_CONDITIONS = DEBUG;
				SWIFT_OPTIMIZATION_LEVEL = "-Onone";
			};
			name = Debug;
		};
		DF0995FD25F43447001D6A11 /* Release */ = {
			isa = XCBuildConfiguration;
			buildSettings = {
				ALWAYS_SEARCH_USER_PATHS = NO;
				CLANG_ANALYZER_NONNULL = YES;
				CLANG_ANALYZER_NUMBER_OBJECT_CONVERSION = YES_AGGRESSIVE;
				CLANG_CXX_LANGUAGE_STANDARD = "gnu++14";
				CLANG_CXX_LIBRARY = "libc++";
				CLANG_ENABLE_MODULES = YES;
				CLANG_ENABLE_OBJC_ARC = YES;
				CLANG_ENABLE_OBJC_WEAK = YES;
				CLANG_WARN_BLOCK_CAPTURE_AUTORELEASING = YES;
				CLANG_WARN_BOOL_CONVERSION = YES;
				CLANG_WARN_COMMA = YES;
				CLANG_WARN_CONSTANT_CONVERSION = YES;
				CLANG_WARN_DEPRECATED_OBJC_IMPLEMENTATIONS = YES;
				CLANG_WARN_DIRECT_OBJC_ISA_USAGE = YES_ERROR;
				CLANG_WARN_DOCUMENTATION_COMMENTS = YES;
				CLANG_WARN_EMPTY_BODY = YES;
				CLANG_WARN_ENUM_CONVERSION = YES;
				CLANG_WARN_INFINITE_RECURSION = YES;
				CLANG_WARN_INT_CONVERSION = YES;
				CLANG_WARN_NON_LITERAL_NULL_CONVERSION = YES;
				CLANG_WARN_OBJC_IMPLICIT_RETAIN_SELF = YES;
				CLANG_WARN_OBJC_LITERAL_CONVERSION = YES;
				CLANG_WARN_OBJC_ROOT_CLASS = YES_ERROR;
				CLANG_WARN_QUOTED_INCLUDE_IN_FRAMEWORK_HEADER = YES;
				CLANG_WARN_RANGE_LOOP_ANALYSIS = YES;
				CLANG_WARN_STRICT_PROTOTYPES = YES;
				CLANG_WARN_SUSPICIOUS_MOVE = YES;
				CLANG_WARN_UNGUARDED_AVAILABILITY = YES_AGGRESSIVE;
				CLANG_WARN_UNREACHABLE_CODE = YES;
				CLANG_WARN__DUPLICATE_METHOD_MATCH = YES;
				COPY_PHASE_STRIP = NO;
				DEBUG_INFORMATION_FORMAT = "dwarf-with-dsym";
				ENABLE_NS_ASSERTIONS = NO;
				ENABLE_STRICT_OBJC_MSGSEND = YES;
				GCC_C_LANGUAGE_STANDARD = gnu11;
				GCC_NO_COMMON_BLOCKS = YES;
				GCC_WARN_64_TO_32_BIT_CONVERSION = YES;
				GCC_WARN_ABOUT_RETURN_TYPE = YES_ERROR;
				GCC_WARN_UNDECLARED_SELECTOR = YES;
				GCC_WARN_UNINITIALIZED_AUTOS = YES_AGGRESSIVE;
				GCC_WARN_UNUSED_FUNCTION = YES;
				GCC_WARN_UNUSED_VARIABLE = YES;
				IPHONEOS_DEPLOYMENT_TARGET = 14.3;
				MTL_ENABLE_DEBUG_INFO = NO;
				MTL_FAST_MATH = YES;
				SDKROOT = iphoneos;
				SWIFT_COMPILATION_MODE = wholemodule;
				SWIFT_OPTIMIZATION_LEVEL = "-O";
				VALIDATE_PRODUCT = YES;
			};
			name = Release;
		};
		DF0995FF25F43447001D6A11 /* Debug */ = {
			isa = XCBuildConfiguration;
			buildSettings = {
				ASSETCATALOG_COMPILER_APPICON_NAME = AppIcon;
				ASSETCATALOG_COMPILER_GLOBAL_ACCENT_COLOR_NAME = AccentColor;
				CODE_SIGN_STYLE = Automatic;
				DEVELOPMENT_ASSET_PATHS = "\"Avocados/Preview Content\"";
				ENABLE_PREVIEWS = YES;
				INFOPLIST_FILE = Avocados/Info.plist;
				IPHONEOS_DEPLOYMENT_TARGET = 14.0;
				LD_RUNPATH_SEARCH_PATHS = (
					"$(inherited)",
					"@executable_path/Frameworks",
				);
				PRODUCT_BUNDLE_IDENTIFIER = com.who.is.ready.for.the.yoga.Avocados;
				PRODUCT_NAME = "$(TARGET_NAME)";
				SWIFT_VERSION = 5.0;
				TARGETED_DEVICE_FAMILY = "1,2";
			};
			name = Debug;
		};
		DF09960025F43447001D6A11 /* Release */ = {
			isa = XCBuildConfiguration;
			buildSettings = {
				ASSETCATALOG_COMPILER_APPICON_NAME = AppIcon;
				ASSETCATALOG_COMPILER_GLOBAL_ACCENT_COLOR_NAME = AccentColor;
				CODE_SIGN_STYLE = Automatic;
				DEVELOPMENT_ASSET_PATHS = "\"Avocados/Preview Content\"";
				ENABLE_PREVIEWS = YES;
				INFOPLIST_FILE = Avocados/Info.plist;
				IPHONEOS_DEPLOYMENT_TARGET = 14.0;
				LD_RUNPATH_SEARCH_PATHS = (
					"$(inherited)",
					"@executable_path/Frameworks",
				);
				PRODUCT_BUNDLE_IDENTIFIER = com.who.is.ready.for.the.yoga.Avocados;
				PRODUCT_NAME = "$(TARGET_NAME)";
				SWIFT_VERSION = 5.0;
				TARGETED_DEVICE_FAMILY = "1,2";
			};
			name = Release;
		};
/* End XCBuildConfiguration section */

/* Begin XCConfigurationList section */
		DF0995EA25F43444001D6A11 /* Build configuration list for PBXProject "Avocados" */ = {
			isa = XCConfigurationList;
			buildConfigurations = (
				DF0995FC25F43447001D6A11 /* Debug */,
				DF0995FD25F43447001D6A11 /* Release */,
			);
			defaultConfigurationIsVisible = 0;
			defaultConfigurationName = Release;
		};
		DF0995FE25F43447001D6A11 /* Build configuration list for PBXNativeTarget "Avocados" */ = {
			isa = XCConfigurationList;
			buildConfigurations = (
				DF0995FF25F43447001D6A11 /* Debug */,
				DF09960025F43447001D6A11 /* Release */,
			);
			defaultConfigurationIsVisible = 0;
			defaultConfigurationName = Release;
		};
/* End XCConfigurationList section */
	};
	rootObject = DF0995E725F43444001D6A11 /* Project object */;
}
